
Microsoft Visual Studio Solution File, Format Version 12.00
# Visual Studio 2012
Project("{2150E333-8FDC-42A3-9474-1A3956D46DE8}") = "Domain", "Domain", "{E159C5EE-BA53-43AC-B571-006503440469}"
EndProject
Project("{FAE04EC0-301F-11D3-BF4B-00C04F79EFBC}") = "Domain.Model", "Domain.Model\Domain.Model.csproj", "{B7D359B6-E474-41ED-8EF8-4AB5ED9B0BC6}"
EndProject
Project("{FAE04EC0-301F-11D3-BF4B-00C04F79EFBC}") = "Insight.Tests", "123.Tests\Insight.Tests.csproj", "{97C68D3B-6E8B-4C16-891A-E575FC52E887}"
EndProject
Project("{2150E333-8FDC-42A3-9474-1A3956D46DE8}") = "Base", "Base", "{BB51048F-7456-40F1-832A-94ACCF61B1C7}"
EndProject
Project("{FAE04EC0-301F-11D3-BF4B-00C04F79EFBC}") = "Insight123.Base", "One23.Cqrs\Insight123.Base.csproj", "{95DF0381-2B1E-4ED4-8DFB-FC48AE55F107}"
EndProject
Project("{2150E333-8FDC-42A3-9474-1A3956D46DE8}") = "ReadModels", "ReadModels", "{93BB62A9-9494-4B3A-9D1C-DC5B268B37DE}"
EndProject
Project("{FAE04EC0-301F-11D3-BF4B-00C04F79EFBC}") = "Insight123.Contract", "Insight123.Contract\Insight123.Contract.csproj", "{97A60DDC-DC19-4B45-8F46-91326E99558C}"
EndProject
Project("{FAE04EC0-301F-11D3-BF4B-00C04F79EFBC}") = "Insight123.Dto", "Insight123.Dto\Insight123.Dto.csproj", "{DF92846B-525F-4D7C-B959-48F558A3D734}"
EndProject
Project("{FAE04EC0-301F-11D3-BF4B-00C04F79EFBC}") = "Insight123.Reporting", "Insight123.Reporting\Insight123.Reporting.csproj", "{CB94DB81-D141-4266-8E9F-3530C683FF3B}"
EndProject
Project("{FAE04EC0-301F-11D3-BF4B-00C04F79EFBC}") = "Insight123.Congfiguration", "Insight123.Congfiguration\Insight123.Congfiguration.csproj", "{50D852C0-67EF-42C5-9C77-FF612106614C}"
EndProject
Project("{FAE04EC0-301F-11D3-BF4B-00C04F79EFBC}") = "TestMassTransit", "TestMassTransit\TestMassTransit.csproj", "{B392556E-FF45-495B-9D2C-9095769B80F2}"
EndProject
Global
	GlobalSection(SolutionConfigurationPlatforms) = preSolution
		Debug|Any CPU = Debug|Any CPU
		Release|Any CPU = Release|Any CPU
	EndGlobalSection
	GlobalSection(ProjectConfigurationPlatforms) = postSolution
		{B7D359B6-E474-41ED-8EF8-4AB5ED9B0BC6}.Debug|Any CPU.ActiveCfg = Debug|Any CPU
		{B7D359B6-E474-41ED-8EF8-4AB5ED9B0BC6}.Debug|Any CPU.Build.0 = Debug|Any CPU
		{B7D359B6-E474-41ED-8EF8-4AB5ED9B0BC6}.Release|Any CPU.ActiveCfg = Release|Any CPU
		{B7D359B6-E474-41ED-8EF8-4AB5ED9B0BC6}.Release|Any CPU.Build.0 = Release|Any CPU
		{97C68D3B-6E8B-4C16-891A-E575FC52E887}.Debug|Any CPU.ActiveCfg = Debug|Any CPU
		{97C68D3B-6E8B-4C16-891A-E575FC52E887}.Debug|Any CPU.Build.0 = Debug|Any CPU
		{97C68D3B-6E8B-4C16-891A-E575FC52E887}.Release|Any CPU.ActiveCfg = Release|Any CPU
		{97C68D3B-6E8B-4C16-891A-E575FC52E887}.Release|Any CPU.Build.0 = Release|Any CPU
		{95DF0381-2B1E-4ED4-8DFB-FC48AE55F107}.Debug|Any CPU.ActiveCfg = Debug|Any CPU
		{95DF0381-2B1E-4ED4-8DFB-FC48AE55F107}.Debug|Any CPU.Build.0 = Debug|Any CPU
		{95DF0381-2B1E-4ED4-8DFB-FC48AE55F107}.Release|Any CPU.ActiveCfg = Release|Any CPU
		{95DF0381-2B1E-4ED4-8DFB-FC48AE55F107}.Release|Any CPU.Build.0 = Release|Any CPU
		{97A60DDC-DC19-4B45-8F46-91326E99558C}.Debug|Any CPU.ActiveCfg = Debug|Any CPU
		{97A60DDC-DC19-4B45-8F46-91326E99558C}.Debug|Any CPU.Build.0 = Debug|Any CPU
		{97A60DDC-DC19-4B45-8F46-91326E99558C}.Release|Any CPU.ActiveCfg = Release|Any CPU
		{97A60DDC-DC19-4B45-8F46-91326E99558C}.Release|Any CPU.Build.0 = Release|Any CPU
		{DF92846B-525F-4D7C-B959-48F558A3D734}.Debug|Any CPU.ActiveCfg = Debug|Any CPU
		{DF92846B-525F-4D7C-B959-48F558A3D734}.Debug|Any CPU.Build.0 = Debug|Any CPU
		{DF92846B-525F-4D7C-B959-48F558A3D734}.Release|Any CPU.ActiveCfg = Release|Any CPU
		{DF92846B-525F-4D7C-B959-48F558A3D734}.Release|Any CPU.Build.0 = Release|Any CPU
		{CB94DB81-D141-4266-8E9F-3530C683FF3B}.Debug|Any CPU.ActiveCfg = Debug|Any CPU
		{CB94DB81-D141-4266-8E9F-3530C683FF3B}.Debug|Any CPU.Build.0 = Debug|Any CPU
		{CB94DB81-D141-4266-8E9F-3530C683FF3B}.Release|Any CPU.ActiveCfg = Release|Any CPU
		{CB94DB81-D141-4266-8E9F-3530C683FF3B}.Release|Any CPU.Build.0 = Release|Any CPU
		{50D852C0-67EF-42C5-9C77-FF612106614C}.Debug|Any CPU.ActiveCfg = Debug|Any CPU
		{50D852C0-67EF-42C5-9C77-FF612106614C}.Debug|Any CPU.Build.0 = Debug|Any CPU
		{50D852C0-67EF-42C5-9C77-FF612106614C}.Release|Any CPU.ActiveCfg = Release|Any CPU
		{50D852C0-67EF-42C5-9C77-FF612106614C}.Release|Any CPU.Build.0 = Release|Any CPU
		{B392556E-FF45-495B-9D2C-9095769B80F2}.Debug|Any CPU.ActiveCfg = Debug|Any CPU
		{B392556E-FF45-495B-9D2C-9095769B80F2}.Debug|Any CPU.Build.0 = Debug|Any CPU
		{B392556E-FF45-495B-9D2C-9095769B80F2}.Release|Any CPU.ActiveCfg = Release|Any CPU
		{B392556E-FF45-495B-9D2C-9095769B80F2}.Release|Any CPU.Build.0 = Release|Any CPU
	EndGlobalSection
	GlobalSection(SolutionProperties) = preSolution
		HideSolutionNode = FALSE
	EndGlobalSection
	GlobalSection(NestedProjects) = preSolution
		{B7D359B6-E474-41ED-8EF8-4AB5ED9B0BC6} = {E159C5EE-BA53-43AC-B571-006503440469}
		{95DF0381-2B1E-4ED4-8DFB-FC48AE55F107} = {BB51048F-7456-40F1-832A-94ACCF61B1C7}
		{97A60DDC-DC19-4B45-8F46-91326E99558C} = {BB51048F-7456-40F1-832A-94ACCF61B1C7}
		{50D852C0-67EF-42C5-9C77-FF612106614C} = {BB51048F-7456-40F1-832A-94ACCF61B1C7}
		{DF92846B-525F-4D7C-B959-48F558A3D734} = {93BB62A9-9494-4B3A-9D1C-DC5B268B37DE}
		{CB94DB81-D141-4266-8E9F-3530C683FF3B} = {93BB62A9-9494-4B3A-9D1C-DC5B268B37DE}
	EndGlobalSection
EndGlobal
